{
  "name": "JS_Core",
  "lockfileVersion": 2,
  "requires": true,
  "packages": {
    "": {
      "dependencies": {
        "brandi": "^4.0.1",
        "parse-function": "^5.6.10"
      }
    },
    "node_modules/@babel/parser": {
      "version": "7.18.13",
      "resolved": "https://registry.npmjs.org/@babel/parser/-/parser-7.18.13.tgz",
      "integrity": "sha512-dgXcIfMuQ0kgzLB2b9tRZs7TTFFaGM2AbtA4fJgUUYukzGH4jwsS7hzQHEGs67jdehpm22vkgKwvbU+aEflgwg==",
      "bin": {
        "parser": "bin/babel-parser.js"
      },
      "engines": {
        "node": ">=6.0.0"
      }
    },
    "node_modules/arrify": {
      "version": "2.0.1",
      "resolved": "https://registry.npmjs.org/arrify/-/arrify-2.0.1.tgz",
      "integrity": "sha512-3duEwti880xqi4eAMN8AyR4a0ByT90zoYdLlevfrvU43vb0YZwZVfxOgxWrLXXXpyugL0hNZc9G6BiB5B3nUug==",
      "engines": {
        "node": ">=8"
      }
    },
    "node_modules/brandi": {
      "version": "4.0.1",
      "resolved": "https://registry.npmjs.org/brandi/-/brandi-4.0.1.tgz",
      "integrity": "sha512-amM/NeEGVynO2AZ95QXtbYQmSeNaPv+OriwS1+aMLF2NieaeCg4nVZGd9Mdkd+Tw8BwAvWHnzgJaV9CmFtSZMw=="
    },
    "node_modules/parse-function": {
      "version": "5.6.10",
      "resolved": "https://registry.npmjs.org/parse-function/-/parse-function-5.6.10.tgz",
      "integrity": "sha512-mrMwHEIn8mCgTTZxCVtXbcv8+Suf13z+81004BupjoAfZfIuwEzOYy9NNS3xKYXRRVR7Ej1sjvgjjcqQmYGK4A==",
      "funding": [
        "https://ko-fi.com/tunnckoCore/commissions",
        "https://github.com/sponsors/tunnckoCore",
        "https://patreon.com/tunnckoCore",
        "https://tidelift.com/funding/github/npm/parse-function"
      ],
      "dependencies": {
        "@babel/parser": "^7.8.3",
        "arrify": "^2.0.1"
      },
      "engines": {
        "node": ">=8.11"
      }
    }
  },
  "dependencies": {
    "@babel/parser": {
      "version": "7.18.13",
      "resolved": "https://registry.npmjs.org/@babel/parser/-/parser-7.18.13.tgz",
      "integrity": "sha512-dgXcIfMuQ0kgzLB2b9tRZs7TTFFaGM2AbtA4fJgUUYukzGH4jwsS7hzQHEGs67jdehpm22vkgKwvbU+aEflgwg=="
    },
    "arrify": {
      "version": "2.0.1",
      "resolved": "https://registry.npmjs.org/arrify/-/arrify-2.0.1.tgz",
      "integrity": "sha512-3duEwti880xqi4eAMN8AyR4a0ByT90zoYdLlevfrvU43vb0YZwZVfxOgxWrLXXXpyugL0hNZc9G6BiB5B3nUug=="
    },
    "brandi": {
      "version": "4.0.1",
      "resolved": "https://registry.npmjs.org/brandi/-/brandi-4.0.1.tgz",
      "integrity": "sha512-amM/NeEGVynO2AZ95QXtbYQmSeNaPv+OriwS1+aMLF2NieaeCg4nVZGd9Mdkd+Tw8BwAvWHnzgJaV9CmFtSZMw=="
    },
    "parse-function": {
      "version": "5.6.10",
      "resolved": "https://registry.npmjs.org/parse-function/-/parse-function-5.6.10.tgz",
      "integrity": "sha512-mrMwHEIn8mCgTTZxCVtXbcv8+Suf13z+81004BupjoAfZfIuwEzOYy9NNS3xKYXRRVR7Ej1sjvgjjcqQmYGK4A==",
      "requires": {
        "@babel/parser": "^7.8.3",
        "arrify": "^2.0.1"
      }
    }
  }
}
